<?xml version="1.0" encoding="UTF-8" standalone="yes" ?>
<CodeBlocks_project_file>
	<FileVersion major="1" minor="6" />
	<Project>
		<Option title="gaston_van" />
		<Option pch_mode="2" />
		<Option compiler="gcc" />
		<Build>
			<Target title="Debug">
				<Option output="bin/Debug/gaston_van" prefix_auto="1" extension_auto="1" />
				<Option object_output="obj/Debug/" />
				<Option type="1" />
				<Option compiler="gcc" />
				<Option parameters="-m 7 -p Chemical_340 -t Chemical_340.out" />
				<Compiler>
					<Add option="-g" />
				</Compiler>
			</Target>
			<Target title="Release">
				<Option output="bin/Release/gaston_van" prefix_auto="1" extension_auto="1" />
				<Option object_output="obj/Release/" />
				<Option type="1" />
				<Option compiler="gcc" />
				<Compiler>
					<Add option="-O2" />
				</Compiler>
				<Linker>
					<Add option="-s" />
				</Linker>
			</Target>
		</Build>
		<Compiler>
			<Add option="-Wall" />
		</Compiler>
		<Unit filename="Chemical_340" />
		<Unit filename="LICENSE" />
		<Unit filename="closeleg.cpp" />
		<Unit filename="closeleg.h" />
		<Unit filename="database.cpp" />
		<Unit filename="database.h" />
		<Unit filename="gaston_van.cbp" />
		<Unit filename="gaston_van.depend" />
		<Unit filename="graphstate.cpp" />
		<Unit filename="graphstate.h" />
		<Unit filename="legoccurrence.cpp" />
		<Unit filename="legoccurrence.h" />
		<Unit filename="main.cpp" />
		<Unit filename="misc.h" />
		<Unit filename="output.txt" />
		<Unit filename="path.cpp" />
		<Unit filename="path.h" />
		<Unit filename="patterngraph.cpp" />
		<Unit filename="patterngraph.h" />
		<Unit filename="patterntree.cpp" />
		<Unit filename="patterntree.h" />
		<Extensions>
			<code_completion />
			<envvars />
			<debugger />
			<lib_finder disable_auto="1" />
		</Extensions>
	</Project>
</CodeBlocks_project_file>
